// !$*UTF8*$!
{
	archiveVersion = 1;
	classes = {
	};
	objectVersion = 56;
	objects = {

/* Begin PBXBuildFile section */
		6308D7422ACC5FB500D0083E /* Rue Sticker Pack StickerPackExtension.appex in Embed Foundation Extensions */ = {isa = PBXBuildFile; fileRef = 6308D7412ACC5FB500D0083E /* Rue Sticker Pack StickerPackExtension.appex */; settings = {ATTRIBUTES = (RemoveHeadersOnCopy, ); }; };
		6308D7462ACC5FB500D0083E /* Rue in Resources */ = {isa = PBXBuildFile; fileRef = 6308D7452ACC5FB500D0083E /* Rue */; };
		6308D7472ACC5FB500D0083E /* Rue in Resources */ = {isa = PBXBuildFile; fileRef = 6308D7452ACC5FB500D0083E /* Rue */; };
/* End PBXBuildFile section */

/* Begin PBXContainerItemProxy section */
		6308D7432ACC5FB500D0083E /* PBXContainerItemProxy */ = {
			isa = PBXContainerItemProxy;
			containerPortal = 6308D7372ACC5FB500D0083E /* Project object */;
			proxyType = 1;
			remoteGlobalIDString = 6308D7402ACC5FB500D0083E;
			remoteInfo = "Rue Sticker Pack StickerPackExtension";
		};
/* End PBXContainerItemProxy section */

/* Begin PBXCopyFilesBuildPhase section */
		6308D74D2ACC5FB500D0083E /* Embed Foundation Extensions */ = {
			isa = PBXCopyFilesBuildPhase;
			buildActionMask = 2147483647;
			dstPath = "";
			dstSubfolderSpec = 13;
			files = (
				6308D7422ACC5FB500D0083E /* Rue Sticker Pack StickerPackExtension.appex in Embed Foundation Extensions */,
			);
			name = "Embed Foundation Extensions";
			runOnlyForDeploymentPostprocessing = 0;
		};
/* End PBXCopyFilesBuildPhase section */

/* Begin PBXFileReference section */
		6308D73D2ACC5FB500D0083E /* Rue Sticker Pack.app */ = {isa = PBXFileReference; explicitFileType = wrapper.application; includeInIndex = 0; path = "Rue Sticker Pack.app"; sourceTree = BUILT_PRODUCTS_DIR; };
		6308D7412ACC5FB500D0083E /* Rue Sticker Pack StickerPackExtension.appex */ = {isa = PBXFileReference; explicitFileType = "wrapper.app-extension"; includeInIndex = 0; path = "Rue Sticker Pack StickerPackExtension.appex"; sourceTree = BUILT_PRODUCTS_DIR; };
		6308D7452ACC5FB500D0083E /* Rue */ = {isa = PBXFileReference; lastKnownFileType = folder; name = Rue; path = "Rue Sticker Pack StickerPackExtension/Rue"; sourceTree = "<group>"; };
/* End PBXFileReference section */

/* Begin PBXGroup section */
		6308D7362ACC5FB500D0083E = {
			isa = PBXGroup;
			children = (
				6308D7452ACC5FB500D0083E /* Rue */,
				6308D73E2ACC5FB500D0083E /* Products */,
			);
			sourceTree = "<group>";
		};
		6308D73E2ACC5FB500D0083E /* Products */ = {
			isa = PBXGroup;
			children = (
				6308D73D2ACC5FB500D0083E /* Rue Sticker Pack.app */,
				6308D7412ACC5FB500D0083E /* Rue Sticker Pack StickerPackExtension.appex */,
			);
			name = Products;
			sourceTree = "<group>";
		};
/* End PBXGroup section */

/* Begin PBXNativeTarget section */
		6308D73C2ACC5FB500D0083E /* Rue Sticker Pack */ = {
			isa = PBXNativeTarget;
			buildConfigurationList = 6308D74E2ACC5FB500D0083E /* Build configuration list for PBXNativeTarget "Rue Sticker Pack" */;
			buildPhases = (
				6308D73B2ACC5FB500D0083E /* Resources */,
				6308D74D2ACC5FB500D0083E /* Embed Foundation Extensions */,
			);
			buildRules = (
			);
			dependencies = (
				6308D7442ACC5FB500D0083E /* PBXTargetDependency */,
			);
			name = "Rue Sticker Pack";
			productName = "Rue Sticker Pack";
			productReference = 6308D73D2ACC5FB500D0083E /* Rue Sticker Pack.app */;
			productType = "com.apple.product-type.application.messages";
		};
		6308D7402ACC5FB500D0083E /* Rue Sticker Pack StickerPackExtension */ = {
			isa = PBXNativeTarget;
			buildConfigurationList = 6308D74A2ACC5FB500D0083E /* Build configuration list for PBXNativeTarget "Rue Sticker Pack StickerPackExtension" */;
			buildPhases = (
				6308D73F2ACC5FB500D0083E /* Resources */,
			);
			buildRules = (
			);
			dependencies = (
			);
			name = "Rue Sticker Pack StickerPackExtension";
			productName = "Rue Sticker Pack StickerPackExtension";
			productReference = 6308D7412ACC5FB500D0083E /* Rue Sticker Pack StickerPackExtension.appex */;
			productType = "com.apple.product-type.app-extension.messages-sticker-pack";
		};
/* End PBXNativeTarget section */

/* Begin PBXProject section */
		6308D7372ACC5FB500D0083E /* Project object */ = {
			isa = PBXProject;
			attributes = {
				BuildIndependentTargetsInParallel = 1;
				LastUpgradeCheck = 1500;
				TargetAttributes = {
					6308D73C2ACC5FB500D0083E = {
						CreatedOnToolsVersion = 15.0;
					};
					6308D7402ACC5FB500D0083E = {
						CreatedOnToolsVersion = 15.0;
					};
				};
			};
			buildConfigurationList = 6308D73A2ACC5FB500D0083E /* Build configuration list for PBXProject "Rue Sticker Pack" */;
			compatibilityVersion = "Xcode 14.0";
			developmentRegion = en;
			hasScannedForEncodings = 0;
			knownRegions = (
				en,
				Base,
			);
			mainGroup = 6308D7362ACC5FB500D0083E;
			productRefGroup = 6308D73E2ACC5FB500D0083E /* Products */;
			projectDirPath = "";
			projectRoot = "";
			targets = (
				6308D73C2ACC5FB500D0083E /* Rue Sticker Pack */,
				6308D7402ACC5FB500D0083E /* Rue Sticker Pack StickerPackExtension */,
			);
		};
/* End PBXProject section */

/* Begin PBXResourcesBuildPhase section */
		6308D73B2ACC5FB500D0083E /* Resources */ = {
			isa = PBXResourcesBuildPhase;
			buildActionMask = 2147483647;
			files = (
				6308D7472ACC5FB500D0083E /* Rue in Resources */,
			);
			runOnlyForDeploymentPostprocessing = 0;
		};
		6308D73F2ACC5FB500D0083E /* Resources */ = {
			isa = PBXResourcesBuildPhase;
			buildActionMask = 2147483647;
			files = (
				6308D7462ACC5FB500D0083E /* Rue in Resources */,
			);
			runOnlyForDeploymentPostprocessing = 0;
		};
/* End PBXResourcesBuildPhase section */

/* Begin PBXTargetDependency section */
		6308D7442ACC5FB500D0083E /* PBXTargetDependency */ = {
			isa = PBXTargetDependency;
			target = 6308D7402ACC5FB500D0083E /* Rue Sticker Pack StickerPackExtension */;
			targetProxy = 6308D7432ACC5FB500D0083E /* PBXContainerItemProxy */;
		};
/* End PBXTargetDependency section */

/* Begin XCBuildConfiguration section */
		6308D7482ACC5FB500D0083E /* Debug */ = {
			isa = XCBuildConfiguration;
			buildSettings = {
				ALWAYS_SEARCH_USER_PATHS = NO;
				ASSETCATALOG_COMPILER_GENERATE_SWIFT_ASSET_SYMBOL_EXTENSIONS = YES;
				CLANG_ANALYZER_NONNULL = YES;
				CLANG_ANALYZER_NUMBER_OBJECT_CONVERSION = YES_AGGRESSIVE;
				CLANG_CXX_LANGUAGE_STANDARD = "gnu++20";
				CLANG_ENABLE_MODULES = YES;
				CLANG_ENABLE_OBJC_ARC = YES;
				CLANG_ENABLE_OBJC_WEAK = YES;
				CLANG_WARN_BLOCK_CAPTURE_AUTORELEASING = YES;
				CLANG_WARN_BOOL_CONVERSION = YES;
				CLANG_WARN_COMMA = YES;
				CLANG_WARN_CONSTANT_CONVERSION = YES;
				CLANG_WARN_DEPRECATED_OBJC_IMPLEMENTATIONS = YES;
				CLANG_WARN_DIRECT_OBJC_ISA_USAGE = YES_ERROR;
				CLANG_WARN_DOCUMENTATION_COMMENTS = YES;
				CLANG_WARN_EMPTY_BODY = YES;
				CLANG_WARN_ENUM_CONVERSION = YES;
				CLANG_WARN_INFINITE_RECURSION = YES;
				CLANG_WARN_INT_CONVERSION = YES;
				CLANG_WARN_NON_LITERAL_NULL_CONVERSION = YES;
				CLANG_WARN_OBJC_IMPLICIT_RETAIN_SELF = YES;
				CLANG_WARN_OBJC_LITERAL_CONVERSION = YES;
				CLANG_WARN_OBJC_ROOT_CLASS = YES_ERROR;
				CLANG_WARN_QUOTED_INCLUDE_IN_FRAMEWORK_HEADER = YES;
				CLANG_WARN_RANGE_LOOP_ANALYSIS = YES;
				CLANG_WARN_STRICT_PROTOTYPES = YES;
				CLANG_WARN_SUSPICIOUS_MOVE = YES;
				CLANG_WARN_UNGUARDED_AVAILABILITY = YES_AGGRESSIVE;
				CLANG_WARN_UNREACHABLE_CODE = YES;
				CLANG_WARN__DUPLICATE_METHOD_MATCH = YES;
				COPY_PHASE_STRIP = NO;
				DEBUG_INFORMATION_FORMAT = dwarf;
				ENABLE_STRICT_OBJC_MSGSEND = YES;
				ENABLE_TESTABILITY = YES;
				ENABLE_USER_SCRIPT_SANDBOXING = YES;
				GCC_C_LANGUAGE_STANDARD = gnu17;
				GCC_DYNAMIC_NO_PIC = NO;
				GCC_NO_COMMON_BLOCKS = YES;
				GCC_OPTIMIZATION_LEVEL = 0;
				GCC_PREPROCESSOR_DEFINITIONS = (
					"DEBUG=1",
					"$(inherited)",
				);
				GCC_WARN_64_TO_32_BIT_CONVERSION = YES;
				GCC_WARN_ABOUT_RETURN_TYPE = YES_ERROR;
				GCC_WARN_UNDECLARED_SELECTOR = YES;
				GCC_WARN_UNINITIALIZED_AUTOS = YES_AGGRESSIVE;
				GCC_WARN_UNUSED_FUNCTION = YES;
				GCC_WARN_UNUSED_VARIABLE = YES;
				IPHONEOS_DEPLOYMENT_TARGET = 17.0;
				LOCALIZATION_PREFERS_STRING_CATALOGS = YES;
				MTL_ENABLE_DEBUG_INFO = INCLUDE_SOURCE;
				MTL_FAST_MATH = YES;
				ONLY_ACTIVE_ARCH = YES;
				SDKROOT = iphoneos;
			};
			name = Debug;
		};
		6308D7492ACC5FB500D0083E /* Release */ = {
			isa = XCBuildConfiguration;
			buildSettings = {
				ALWAYS_SEARCH_USER_PATHS = NO;
				ASSETCATALOG_COMPILER_GENERATE_SWIFT_ASSET_SYMBOL_EXTENSIONS = YES;
				CLANG_ANALYZER_NONNULL = YES;
				CLANG_ANALYZER_NUMBER_OBJECT_CONVERSION = YES_AGGRESSIVE;
				CLANG_CXX_LANGUAGE_STANDARD = "gnu++20";
				CLANG_ENABLE_MODULES = YES;
				CLANG_ENABLE_OBJC_ARC = YES;
				CLANG_ENABLE_OBJC_WEAK = YES;
				CLANG_WARN_BLOCK_CAPTURE_AUTORELEASING = YES;
				CLANG_WARN_BOOL_CONVERSION = YES;
				CLANG_WARN_COMMA = YES;
				CLANG_WARN_CONSTANT_CONVERSION = YES;
				CLANG_WARN_DEPRECATED_OBJC_IMPLEMENTATIONS = YES;
				CLANG_WARN_DIRECT_OBJC_ISA_USAGE = YES_ERROR;
				CLANG_WARN_DOCUMENTATION_COMMENTS = YES;
				CLANG_WARN_EMPTY_BODY = YES;
				CLANG_WARN_ENUM_CONVERSION = YES;
				CLANG_WARN_INFINITE_RECURSION = YES;
				CLANG_WARN_INT_CONVERSION = YES;
				CLANG_WARN_NON_LITERAL_NULL_CONVERSION = YES;
				CLANG_WARN_OBJC_IMPLICIT_RETAIN_SELF = YES;
				CLANG_WARN_OBJC_LITERAL_CONVERSION = YES;
				CLANG_WARN_OBJC_ROOT_CLASS = YES_ERROR;
				CLANG_WARN_QUOTED_INCLUDE_IN_FRAMEWORK_HEADER = YES;
				CLANG_WARN_RANGE_LOOP_ANALYSIS = YES;
				CLANG_WARN_STRICT_PROTOTYPES = YES;
				CLANG_WARN_SUSPICIOUS_MOVE = YES;
				CLANG_WARN_UNGUARDED_AVAILABILITY = YES_AGGRESSIVE;
				CLANG_WARN_UNREACHABLE_CODE = YES;
				CLANG_WARN__DUPLICATE_METHOD_MATCH = YES;
				COPY_PHASE_STRIP = NO;
				DEBUG_INFORMATION_FORMAT = "dwarf-with-dsym";
				ENABLE_NS_ASSERTIONS = NO;
				ENABLE_STRICT_OBJC_MSGSEND = YES;
				ENABLE_USER_SCRIPT_SANDBOXING = YES;
				GCC_C_LANGUAGE_STANDARD = gnu17;
				GCC_NO_COMMON_BLOCKS = YES;
				GCC_WARN_64_TO_32_BIT_CONVERSION = YES;
				GCC_WARN_ABOUT_RETURN_TYPE = YES_ERROR;
				GCC_WARN_UNDECLARED_SELECTOR = YES;
				GCC_WARN_UNINITIALIZED_AUTOS = YES_AGGRESSIVE;
				GCC_WARN_UNUSED_FUNCTION = YES;
				GCC_WARN_UNUSED_VARIABLE = YES;
				IPHONEOS_DEPLOYMENT_TARGET = 17.0;
				LOCALIZATION_PREFERS_STRING_CATALOGS = YES;
				MTL_ENABLE_DEBUG_INFO = NO;
				MTL_FAST_MATH = YES;
				SDKROOT = iphoneos;
				VALIDATE_PRODUCT = YES;
			};
			name = Release;
		};
		6308D74B2ACC5FB500D0083E /* Debug */ = {
			isa = XCBuildConfiguration;
			buildSettings = {
				ASSETCATALOG_COMPILER_APPICON_NAME = "iMessage App Icon";
				CODE_SIGN_STYLE = Automatic;
				CURRENT_PROJECT_VERSION = 1;
				DEVELOPMENT_TEAM = 5KK9LC9KLF;
				GENERATE_INFOPLIST_FILE = YES;
				INFOPLIST_FILE = "Rue Sticker Pack StickerPackExtension/Info.plist";
				INFOPLIST_KEY_NSStickerSharingLevel = OS;
				MARKETING_VERSION = 1.0;
				PRODUCT_BUNDLE_IDENTIFIER = "Art-Studio-by-Red.Rue-Sticker-Pack.StickerPackExtension";
				PRODUCT_NAME = "$(TARGET_NAME)";
				SKIP_INSTALL = YES;
				SWIFT_EMIT_LOC_STRINGS = YES;
				TARGETED_DEVICE_FAMILY = "1,2";
			};
			name = Debug;
		};
		6308D74C2ACC5FB500D0083E /* Release */ = {
			isa = XCBuildConfiguration;
			buildSettings = {
				ASSETCATALOG_COMPILER_APPICON_NAME = "iMessage App Icon";
				CODE_SIGN_STYLE = Automatic;
				CURRENT_PROJECT_VERSION = 1;
				DEVELOPMENT_TEAM = 5KK9LC9KLF;
				GENERATE_INFOPLIST_FILE = YES;
				INFOPLIST_FILE = "Rue Sticker Pack StickerPackExtension/Info.plist";
				INFOPLIST_KEY_NSStickerSharingLevel = OS;
				MARKETING_VERSION = 1.0;
				PRODUCT_BUNDLE_IDENTIFIER = "Art-Studio-by-Red.Rue-Sticker-Pack.StickerPackExtension";
				PRODUCT_NAME = "$(TARGET_NAME)";
				SKIP_INSTALL = YES;
				SWIFT_EMIT_LOC_STRINGS = YES;
				TARGETED_DEVICE_FAMILY = "1,2";
			};
			name = Release;
		};
		6308D74F2ACC5FB500D0083E /* Debug */ = {
			isa = XCBuildConfiguration;
			buildSettings = {
				ASSETCATALOG_COMPILER_APPICON_NAME = "iMessage App Icon";
				CODE_SIGN_STYLE = Automatic;
				CURRENT_PROJECT_VERSION = 1;
				DEVELOPMENT_TEAM = 5KK9LC9KLF;
				GENERATE_INFOPLIST_FILE = YES;
				INFOPLIST_FILE = "Rue Sticker Pack/Info.plist";
				INFOPLIST_KEY_NSStickerSharingLevel = OS;
				MARKETING_VERSION = 1.0;
				PRODUCT_BUNDLE_IDENTIFIER = "Art-Studio-by-Red.Rue-Sticker-Pack";
				PRODUCT_NAME = "$(TARGET_NAME)";
				SWIFT_EMIT_LOC_STRINGS = YES;
				TARGETED_DEVICE_FAMILY = "1,2";
			};
			name = Debug;
		};
		6308D7502ACC5FB500D0083E /* Release */ = {
			isa = XCBuildConfiguration;
			buildSettings = {
				ASSETCATALOG_COMPILER_APPICON_NAME = "iMessage App Icon";
				CODE_SIGN_STYLE = Automatic;
				CURRENT_PROJECT_VERSION = 1;
				DEVELOPMENT_TEAM = 5KK9LC9KLF;
				GENERATE_INFOPLIST_FILE = YES;
				INFOPLIST_FILE = "Rue Sticker Pack/Info.plist";
				INFOPLIST_KEY_NSStickerSharingLevel = OS;
				MARKETING_VERSION = 1.0;
				PRODUCT_BUNDLE_IDENTIFIER = "Art-Studio-by-Red.Rue-Sticker-Pack";
				PRODUCT_NAME = "$(TARGET_NAME)";
				SWIFT_EMIT_LOC_STRINGS = YES;
				TARGETED_DEVICE_FAMILY = "1,2";
			};
			name = Release;
		};
/* End XCBuildConfiguration section */

/* Begin XCConfigurationList section */
		6308D73A2ACC5FB500D0083E /* Build configuration list for PBXProject "Rue Sticker Pack" */ = {
			isa = XCConfigurationList;
			buildConfigurations = (
				6308D7482ACC5FB500D0083E /* Debug */,
				6308D7492ACC5FB500D0083E /* Release */,
			);
			defaultConfigurationIsVisible = 0;
			defaultConfigurationName = Release;
		};
		6308D74A2ACC5FB500D0083E /* Build configuration list for PBXNativeTarget "Rue Sticker Pack StickerPackExtension" */ = {
			isa = XCConfigurationList;
			buildConfigurations = (
				6308D74B2ACC5FB500D0083E /* Debug */,
				6308D74C2ACC5FB500D0083E /* Release */,
			);
			defaultConfigurationIsVisible = 0;
			defaultConfigurationName = Release;
		};
		6308D74E2ACC5FB500D0083E /* Build configuration list for PBXNativeTarget "Rue Sticker Pack" */ = {
			isa = XCConfigurationList;
			buildConfigurations = (
				6308D74F2ACC5FB500D0083E /* Debug */,
				6308D7502ACC5FB500D0083E /* Release */,
			);
			defaultConfigurationIsVisible = 0;
			defaultConfigurationName = Release;
		};
/* End XCConfigurationList section */
	};
	rootObject = 6308D7372ACC5FB500D0083E /* Project object */;
}
